
Microsoft Visual Studio Solution File, Format Version 12.00
# Visual Studio Version 17
VisualStudioVersion = 17.9.34723.18
MinimumVisualStudioVersion = 10.0.40219.1
Project("{FAE04EC0-301F-11D3-BF4B-00C04F79EFBC}") = "pryValinottiTP240524", "pryValinottiTP240524.csproj", "{D382F3A7-81D0-4DE8-8ABB-0F1718EEAAA2}"
EndProject
Global
	GlobalSection(SolutionConfigurationPlatforms) = preSolution
		Debug|Any CPU = Debug|Any CPU
		Release|Any CPU = Release|Any CPU
	EndGlobalSection
	GlobalSection(ProjectConfigurationPlatforms) = postSolution
		{D382F3A7-81D0-4DE8-8ABB-0F1718EEAAA2}.Debug|Any CPU.ActiveCfg = Debug|Any CPU
		{D382F3A7-81D0-4DE8-8ABB-0F1718EEAAA2}.Debug|Any CPU.Build.0 = Debug|Any CPU
		{D382F3A7-81D0-4DE8-8ABB-0F1718EEAAA2}.Release|Any CPU.ActiveCfg = Release|Any CPU
		{D382F3A7-81D0-4DE8-8ABB-0F1718EEAAA2}.Release|Any CPU.Build.0 = Release|Any CPU
	EndGlobalSection
	GlobalSection(SolutionProperties) = preSolution
		HideSolutionNode = FALSE
	EndGlobalSection
	GlobalSection(ExtensibilityGlobals) = postSolution
		SolutionGuid = {CA9F5D31-9E57-4A22-8910-D02398855CC5}
	EndGlobalSection
EndGlobal
